
Microsoft Visual Studio Solution File, Format Version 12.00
# Visual Studio Version 17
VisualStudioVersion = 17.11.35312.102
MinimumVisualStudioVersion = 10.0.40219.1
Project("{FAE04EC0-301F-11D3-BF4B-00C04F79EFBC}") = "StudentAttendance", "StudentAttendance\StudentAttendance.csproj", "{85208E83-160E-42D9-96A7-A5A314E200F6}"
EndProject
Project("{FAE04EC0-301F-11D3-BF4B-00C04F79EFBC}") = "SchoolAdmission", "SchoolAdmission\SchoolAdmission.csproj", "{C95E58A2-9F92-44D6-862E-A8439EBDF9EB}"
EndProject
Project("{FAE04EC0-301F-11D3-BF4B-00C04F79EFBC}") = "SchoolApiGateway", "SchoolApiGateway\SchoolApiGateway.csproj", "{F5BF799E-2CC4-4B5B-93F7-4E2B2A26E1AE}"
EndProject
Global
	GlobalSection(SolutionConfigurationPlatforms) = preSolution
		Debug|Any CPU = Debug|Any CPU
		Release|Any CPU = Release|Any CPU
	EndGlobalSection
	GlobalSection(ProjectConfigurationPlatforms) = postSolution
		{85208E83-160E-42D9-96A7-A5A314E200F6}.Debug|Any CPU.ActiveCfg = Debug|Any CPU
		{85208E83-160E-42D9-96A7-A5A314E200F6}.Debug|Any CPU.Build.0 = Debug|Any CPU
		{85208E83-160E-42D9-96A7-A5A314E200F6}.Release|Any CPU.ActiveCfg = Release|Any CPU
		{85208E83-160E-42D9-96A7-A5A314E200F6}.Release|Any CPU.Build.0 = Release|Any CPU
		{C95E58A2-9F92-44D6-862E-A8439EBDF9EB}.Debug|Any CPU.ActiveCfg = Debug|Any CPU
		{C95E58A2-9F92-44D6-862E-A8439EBDF9EB}.Debug|Any CPU.Build.0 = Debug|Any CPU
		{C95E58A2-9F92-44D6-862E-A8439EBDF9EB}.Release|Any CPU.ActiveCfg = Release|Any CPU
		{C95E58A2-9F92-44D6-862E-A8439EBDF9EB}.Release|Any CPU.Build.0 = Release|Any CPU
		{F5BF799E-2CC4-4B5B-93F7-4E2B2A26E1AE}.Debug|Any CPU.ActiveCfg = Debug|Any CPU
		{F5BF799E-2CC4-4B5B-93F7-4E2B2A26E1AE}.Debug|Any CPU.Build.0 = Debug|Any CPU
		{F5BF799E-2CC4-4B5B-93F7-4E2B2A26E1AE}.Release|Any CPU.ActiveCfg = Release|Any CPU
		{F5BF799E-2CC4-4B5B-93F7-4E2B2A26E1AE}.Release|Any CPU.Build.0 = Release|Any CPU
	EndGlobalSection
	GlobalSection(SolutionProperties) = preSolution
		HideSolutionNode = FALSE
	EndGlobalSection
	GlobalSection(ExtensibilityGlobals) = postSolution
		SolutionGuid = {15319388-AC86-4CC0-AEE5-B2BF7E8D13FF}
	EndGlobalSection
EndGlobal
